github.com/FrameworkOSS/event v0.0.0-20260130023243-bbe3b6e71056 h1:0D08vlGISBt9c0KgfcgnHlCCLHK4dQASn2U72PL8b/M=
github.com/FrameworkOSS/event v0.0.0-20260130023243-bbe3b6e71056/go.mod h1:m76NLEFzF5OvDkECeNIOhXr06JYzc0LLE1QYxjDfWsA=
github.com/FrameworkOSS/feature v0.0.0-20260130023700-786c1ee0a1ef h1:8UYJj2NjjKp+Zfmc8pbPBsYCbS6uBks0Br2IijOleuo=
github.com/FrameworkOSS/feature v0.0.0-20260130023700-786c1ee0a1ef/go.mod h1:ev2VmQlQAJB236sCfsmhiJgOpohINh/4LjoZbbFO8Y0=
github.com/FrameworkOSS/feature_commands v0.0.0-20260130024452-052c78256839 h1:CiV8lHflrq8h2+L6sv28rJ1RQ/AHd0sYjhYSau9YT4s=
github.com/FrameworkOSS/feature_commands v0.0.0-20260130024452-052c78256839/go.mod h1:aRMBO5XSEvX/1eJ6VmAAXzNVMe6w8g5YtWp70oI7ZR0=
github.com/FrameworkOSS/feature_debugger v0.0.0-20260130024619-373c0e169114 h1:q5NNj4H+fVXFN1Cr3JsWci2LcNT5Z3RvNvKhshq30wQ=
github.com/FrameworkOSS/feature_debugger v0.0.0-20260130024619-373c0e169114/go.mod h1:Y7xbGAPqgLNE+CiOrQ0QBzM0Nn1h1SDfzZMSkao6zIg=
github.com/FrameworkOSS/feature_wires v0.0.0-20260130024520-038048c88f6d h1:ZmQb2lbaAp9gc8XtwT3NctoWq8mRssEthLn63uTw8tI=
github.com/FrameworkOSS/feature_wires v0.0.0-20260130024520-038048c88f6d/go.mod h1:Y12HTdYkOZpI669AJlfk7XzEQRmjJdM4dH/AkB/xZGI=
github.com/FrameworkOSS/portal v0.0.0-20260130024332-0ad23743c372 h1:R2vYrPRds8aOAfLFghHjVzBXik6yok+cDGLVa/GXee4=
github.com/FrameworkOSS/portal v0.0.0-20260130024332-0ad23743c372/go.mod h1:ynM8PA1/QZh0zGO+E/O8vfM47D19PiTSrTcae0hES8U=
github.com/JoshuaDoes/crunchio v0.0.4 h1:gHMvTT0rHCITPjhfxZ0huykyAUBnP94xzExyhnHcBCM=
github.com/JoshuaDoes/crunchio v0.0.4/go.mod h1:Zk8lv1MlNNb5WpMcNSr8uBgleoE5G3PpXi6MD3JImOA=
github.com/go-telegram/bot v1.18.0 h1:yQzv437DY42SYTPBY48RinAvwbmf1ox5QICskIYWCD8=
github.com/go-telegram/bot v1.18.0/go.mod h1:i2TRs7fXWIeaceF3z7KzsMt/he0TwkVC680mvdTFYeM=
github.com/google/go-cmp v0.5.6 h1:BKbKCqvP6I+rmFHt06ZmyQtvB8xAkWdhFyr0ZUNZcxQ=
github.com/google/go-cmp v0.5.6/go.mod h1:v8dTdLbMG2kIc/vJvl+f65V22dbkXbowE6jgT/gNBxE=
github.com/superwhiskers/crunch/v3 v3.5.7 h1:N9RLxaR65C36i26BUIpzPXGy2f6pQ7wisu2bawbKNqg=
github.com/superwhiskers/crunch/v3 v3.5.7/go.mod h1:4ub2EKgF1MAhTjoOCTU4b9uLMsAweHEa89aRrfAypXA=
